
Microsoft Visual Studio Solution File, Format Version 12.00
# Visual Studio Version 17
VisualStudioVersion = 17.9.34616.47
MinimumVisualStudioVersion = 10.0.40219.1
Project("{8BC9CEB8-8B4A-11D0-8D11-00A0C91BC942}") = "process_dump", "process_dump\process_dump.vcxproj", "{6785E212-F947-49DE-BC26-AA9AE471F701}"
EndProject
Global
	GlobalSection(SolutionConfigurationPlatforms) = preSolution
		Debug|x64 = Debug|x64
		Debug|x86 = Debug|x86
		Release|x64 = Release|x64
		Release|x86 = Release|x86
	EndGlobalSection
	GlobalSection(ProjectConfigurationPlatforms) = postSolution
		{6785E212-F947-49DE-BC26-AA9AE471F701}.Debug|x64.ActiveCfg = Debug|x64
		{6785E212-F947-49DE-BC26-AA9AE471F701}.Debug|x64.Build.0 = Debug|x64
		{6785E212-F947-49DE-BC26-AA9AE471F701}.Debug|x86.ActiveCfg = Debug|Win32
		{6785E212-F947-49DE-BC26-AA9AE471F701}.Debug|x86.Build.0 = Debug|Win32
		{6785E212-F947-49DE-BC26-AA9AE471F701}.Release|x64.ActiveCfg = Release|x64
		{6785E212-F947-49DE-BC26-AA9AE471F701}.Release|x64.Build.0 = Release|x64
		{6785E212-F947-49DE-BC26-AA9AE471F701}.Release|x86.ActiveCfg = Release|Win32
		{6785E212-F947-49DE-BC26-AA9AE471F701}.Release|x86.Build.0 = Release|Win32
	EndGlobalSection
	GlobalSection(SolutionProperties) = preSolution
		HideSolutionNode = FALSE
	EndGlobalSection
	GlobalSection(ExtensibilityGlobals) = postSolution
		SolutionGuid = {7178E05A-F9AB-487E-BDEC-BEEA50573CE9}
	EndGlobalSection
EndGlobal
